{
  "name": "mapping",
  "version": "1.0.0",
  "lockfileVersion": 2,
  "requires": true,
  "packages": {
    "": {
      "version": "1.0.0",
      "license": "ISC",
      "dependencies": {
        "json-to-csv-in-browser": "^1.0.3"
      }
    },
    "node_modules/json-to-csv-in-browser": {
      "version": "1.0.3",
      "resolved": "https://registry.npmjs.org/json-to-csv-in-browser/-/json-to-csv-in-browser-1.0.3.tgz",
      "integrity": "sha512-gpj/0EGc47mGbLWM+2pGo4mmEoh54X3zblYEP2OsH1k6mIdx5NzSv9zwKRtS3nMBJhOLE3+bxm9woUG/+eZv3A=="
    }
  },
  "dependencies": {
    "json-to-csv-in-browser": {
      "version": "1.0.3",
      "resolved": "https://registry.npmjs.org/json-to-csv-in-browser/-/json-to-csv-in-browser-1.0.3.tgz",
      "integrity": "sha512-gpj/0EGc47mGbLWM+2pGo4mmEoh54X3zblYEP2OsH1k6mIdx5NzSv9zwKRtS3nMBJhOLE3+bxm9woUG/+eZv3A=="
    }
  }
}
